// !$*UTF8*$!
{
	archiveVersion = 1;
	classes = {
	};
	objectVersion = 51;
	objects = {

/* Begin PBXBuildFile section */
		6C4B1D3E2401A60F000572B1 /* HomeVC.swift in Sources */ = {isa = PBXBuildFile; fileRef = 6C4B1D3D2401A60F000572B1 /* HomeVC.swift */; };
		6C4B1D402401B9DE000572B1 /* HomeCCell.swift in Sources */ = {isa = PBXBuildFile; fileRef = 6C4B1D3F2401B9DE000572B1 /* HomeCCell.swift */; };
		6C4B1D442401BCFB000572B1 /* PopularMoviesResponse.swift in Sources */ = {isa = PBXBuildFile; fileRef = 6C4B1D422401BCFA000572B1 /* PopularMoviesResponse.swift */; };
		6C4B1D452401BCFB000572B1 /* PopularMoviesResult.swift in Sources */ = {isa = PBXBuildFile; fileRef = 6C4B1D432401BCFB000572B1 /* PopularMoviesResult.swift */; };
		6CD67F17240049F5000EB157 /* AppDelegate.swift in Sources */ = {isa = PBXBuildFile; fileRef = 6CD67F16240049F5000EB157 /* AppDelegate.swift */; };
		6CD67F1C240049F5000EB157 /* Main.storyboard in Resources */ = {isa = PBXBuildFile; fileRef = 6CD67F1A240049F5000EB157 /* Main.storyboard */; };
		6CD67F1E240049F7000EB157 /* Assets.xcassets in Resources */ = {isa = PBXBuildFile; fileRef = 6CD67F1D240049F7000EB157 /* Assets.xcassets */; };
		6CD67F21240049F7000EB157 /* LaunchScreen.storyboard in Resources */ = {isa = PBXBuildFile; fileRef = 6CD67F1F240049F7000EB157 /* LaunchScreen.storyboard */; };
		6CD67F2C24005979000EB157 /* WelcomeVC.swift in Sources */ = {isa = PBXBuildFile; fileRef = 6CD67F2B24005979000EB157 /* WelcomeVC.swift */; };
		6CD67F30240060FD000EB157 /* AllGenreTVC.swift in Sources */ = {isa = PBXBuildFile; fileRef = 6CD67F2F240060FD000EB157 /* AllGenreTVC.swift */; };
		6CD67F322400615D000EB157 /* AllGenreTCell.swift in Sources */ = {isa = PBXBuildFile; fileRef = 6CD67F312400615D000EB157 /* AllGenreTCell.swift */; };
		6CD67F36240062DF000EB157 /* GenreResponse.swift in Sources */ = {isa = PBXBuildFile; fileRef = 6CD67F34240062DE000EB157 /* GenreResponse.swift */; };
		6CD67F37240062DF000EB157 /* Genre.swift in Sources */ = {isa = PBXBuildFile; fileRef = 6CD67F35240062DE000EB157 /* Genre.swift */; };
		6CD67F3A24006314000EB157 /* Constants.swift in Sources */ = {isa = PBXBuildFile; fileRef = 6CD67F3924006314000EB157 /* Constants.swift */; };
		6CD67F3C24006440000EB157 /* APIManager.swift in Sources */ = {isa = PBXBuildFile; fileRef = 6CD67F3B24006440000EB157 /* APIManager.swift */; };
		6CD67F3E24006D5F000EB157 /* Extensions.swift in Sources */ = {isa = PBXBuildFile; fileRef = 6CD67F3D24006D5F000EB157 /* Extensions.swift */; };
		6CD67F46240075CE000EB157 /* MovieResponse.swift in Sources */ = {isa = PBXBuildFile; fileRef = 6CD67F44240075CE000EB157 /* MovieResponse.swift */; };
		6CD67F47240075CE000EB157 /* MovieResult.swift in Sources */ = {isa = PBXBuildFile; fileRef = 6CD67F45240075CE000EB157 /* MovieResult.swift */; };
		6CD67F492400760C000EB157 /* AllMoviesTVC.swift in Sources */ = {isa = PBXBuildFile; fileRef = 6CD67F482400760C000EB157 /* AllMoviesTVC.swift */; };
		6CD67F4B2400766B000EB157 /* AllMoviesTCell.swift in Sources */ = {isa = PBXBuildFile; fileRef = 6CD67F4A2400766B000EB157 /* AllMoviesTCell.swift */; };
		6CD67F4D2400B97E000EB157 /* MovieDetailsVC.swift in Sources */ = {isa = PBXBuildFile; fileRef = 6CD67F4C2400B97E000EB157 /* MovieDetailsVC.swift */; };
		A9A6C79A2835A41405D4D8D4 /* Pods_MovieNest.framework in Frameworks */ = {isa = PBXBuildFile; fileRef = 3A0F2B02D7D42B80D280E7F5 /* Pods_MovieNest.framework */; };
/* End PBXBuildFile section */

/* Begin PBXFileReference section */
		3A0F2B02D7D42B80D280E7F5 /* Pods_MovieNest.framework */ = {isa = PBXFileReference; explicitFileType = wrapper.framework; includeInIndex = 0; path = Pods_MovieNest.framework; sourceTree = BUILT_PRODUCTS_DIR; };
		6C4B1D3D2401A60F000572B1 /* HomeVC.swift */ = {isa = PBXFileReference; lastKnownFileType = sourcecode.swift; path = HomeVC.swift; sourceTree = "<group>"; };
		6C4B1D3F2401B9DE000572B1 /* HomeCCell.swift */ = {isa = PBXFileReference; lastKnownFileType = sourcecode.swift; path = HomeCCell.swift; sourceTree = "<group>"; };
		6C4B1D422401BCFA000572B1 /* PopularMoviesResponse.swift */ = {isa = PBXFileReference; fileEncoding = 4; lastKnownFileType = sourcecode.swift; path = PopularMoviesResponse.swift; sourceTree = "<group>"; };
		6C4B1D432401BCFB000572B1 /* PopularMoviesResult.swift */ = {isa = PBXFileReference; fileEncoding = 4; lastKnownFileType = sourcecode.swift; path = PopularMoviesResult.swift; sourceTree = "<group>"; };
		6CD67F13240049F5000EB157 /* MovieNest.app */ = {isa = PBXFileReference; explicitFileType = wrapper.application; includeInIndex = 0; path = MovieNest.app; sourceTree = BUILT_PRODUCTS_DIR; };
		6CD67F16240049F5000EB157 /* AppDelegate.swift */ = {isa = PBXFileReference; lastKnownFileType = sourcecode.swift; path = AppDelegate.swift; sourceTree = "<group>"; };
		6CD67F1B240049F5000EB157 /* Base */ = {isa = PBXFileReference; lastKnownFileType = file.storyboard; name = Base; path = Base.lproj/Main.storyboard; sourceTree = "<group>"; };
		6CD67F1D240049F7000EB157 /* Assets.xcassets */ = {isa = PBXFileReference; lastKnownFileType = folder.assetcatalog; path = Assets.xcassets; sourceTree = "<group>"; };
		6CD67F20240049F7000EB157 /* Base */ = {isa = PBXFileReference; lastKnownFileType = file.storyboard; name = Base; path = Base.lproj/LaunchScreen.storyboard; sourceTree = "<group>"; };
		6CD67F22240049F7000EB157 /* Info.plist */ = {isa = PBXFileReference; lastKnownFileType = text.plist.xml; path = Info.plist; sourceTree = "<group>"; };
		6CD67F2B24005979000EB157 /* WelcomeVC.swift */ = {isa = PBXFileReference; lastKnownFileType = sourcecode.swift; path = WelcomeVC.swift; sourceTree = "<group>"; };
		6CD67F2F240060FD000EB157 /* AllGenreTVC.swift */ = {isa = PBXFileReference; lastKnownFileType = sourcecode.swift; path = AllGenreTVC.swift; sourceTree = "<group>"; };
		6CD67F312400615D000EB157 /* AllGenreTCell.swift */ = {isa = PBXFileReference; lastKnownFileType = sourcecode.swift; path = AllGenreTCell.swift; sourceTree = "<group>"; };
		6CD67F34240062DE000EB157 /* GenreResponse.swift */ = {isa = PBXFileReference; fileEncoding = 4; lastKnownFileType = sourcecode.swift; path = GenreResponse.swift; sourceTree = "<group>"; };
		6CD67F35240062DE000EB157 /* Genre.swift */ = {isa = PBXFileReference; fileEncoding = 4; lastKnownFileType = sourcecode.swift; path = Genre.swift; sourceTree = "<group>"; };
		6CD67F3924006314000EB157 /* Constants.swift */ = {isa = PBXFileReference; lastKnownFileType = sourcecode.swift; path = Constants.swift; sourceTree = "<group>"; };
		6CD67F3B24006440000EB157 /* APIManager.swift */ = {isa = PBXFileReference; lastKnownFileType = sourcecode.swift; path = APIManager.swift; sourceTree = "<group>"; };
		6CD67F3D24006D5F000EB157 /* Extensions.swift */ = {isa = PBXFileReference; lastKnownFileType = sourcecode.swift; path = Extensions.swift; sourceTree = "<group>"; };
		6CD67F44240075CE000EB157 /* MovieResponse.swift */ = {isa = PBXFileReference; fileEncoding = 4; lastKnownFileType = sourcecode.swift; path = MovieResponse.swift; sourceTree = "<group>"; };
		6CD67F45240075CE000EB157 /* MovieResult.swift */ = {isa = PBXFileReference; fileEncoding = 4; lastKnownFileType = sourcecode.swift; path = MovieResult.swift; sourceTree = "<group>"; };
		6CD67F482400760C000EB157 /* AllMoviesTVC.swift */ = {isa = PBXFileReference; lastKnownFileType = sourcecode.swift; path = AllMoviesTVC.swift; sourceTree = "<group>"; };
		6CD67F4A2400766B000EB157 /* AllMoviesTCell.swift */ = {isa = PBXFileReference; lastKnownFileType = sourcecode.swift; path = AllMoviesTCell.swift; sourceTree = "<group>"; };
		6CD67F4C2400B97E000EB157 /* MovieDetailsVC.swift */ = {isa = PBXFileReference; lastKnownFileType = sourcecode.swift; path = MovieDetailsVC.swift; sourceTree = "<group>"; };
		893F6B8EFEC4AE2A85A55684 /* Pods-MovieNest.release.xcconfig */ = {isa = PBXFileReference; includeInIndex = 1; lastKnownFileType = text.xcconfig; name = "Pods-MovieNest.release.xcconfig"; path = "Target Support Files/Pods-MovieNest/Pods-MovieNest.release.xcconfig"; sourceTree = "<group>"; };
		D8636198461067EC6F82F6DE /* Pods-MovieNest.debug.xcconfig */ = {isa = PBXFileReference; includeInIndex = 1; lastKnownFileType = text.xcconfig; name = "Pods-MovieNest.debug.xcconfig"; path = "Target Support Files/Pods-MovieNest/Pods-MovieNest.debug.xcconfig"; sourceTree = "<group>"; };
/* End PBXFileReference section */

/* Begin PBXFrameworksBuildPhase section */
		6CD67F10240049F5000EB157 /* Frameworks */ = {
			isa = PBXFrameworksBuildPhase;
			buildActionMask = 2147483647;
			files = (
				A9A6C79A2835A41405D4D8D4 /* Pods_MovieNest.framework in Frameworks */,
			);
			runOnlyForDeploymentPostprocessing = 0;
		};
/* End PBXFrameworksBuildPhase section */

/* Begin PBXGroup section */
		5BAB3EBD05EB897EC09CCA1E /* Pods */ = {
			isa = PBXGroup;
			children = (
				D8636198461067EC6F82F6DE /* Pods-MovieNest.debug.xcconfig */,
				893F6B8EFEC4AE2A85A55684 /* Pods-MovieNest.release.xcconfig */,
			);
			path = Pods;
			sourceTree = "<group>";
		};
		6C4B1D412401BC98000572B1 /* PopularMoviesResponse */ = {
			isa = PBXGroup;
			children = (
				6C4B1D422401BCFA000572B1 /* PopularMoviesResponse.swift */,
				6C4B1D432401BCFB000572B1 /* PopularMoviesResult.swift */,
			);
			path = PopularMoviesResponse;
			sourceTree = "<group>";
		};
		6CD67F0A240049F5000EB157 = {
			isa = PBXGroup;
			children = (
				6CD67F15240049F5000EB157 /* MovieNest */,
				6CD67F14240049F5000EB157 /* Products */,
				5BAB3EBD05EB897EC09CCA1E /* Pods */,
				71C6CEA4E096E57D087C7E58 /* Frameworks */,
			);
			sourceTree = "<group>";
		};
		6CD67F14240049F5000EB157 /* Products */ = {
			isa = PBXGroup;
			children = (
				6CD67F13240049F5000EB157 /* MovieNest.app */,
			);
			name = Products;
			sourceTree = "<group>";
		};
		6CD67F15240049F5000EB157 /* MovieNest */ = {
			isa = PBXGroup;
			children = (
				6CD67F16240049F5000EB157 /* AppDelegate.swift */,
				6CD67F2B24005979000EB157 /* WelcomeVC.swift */,
				6CD67F2824005918000EB157 /* Models */,
				6CD67F2924005921000EB157 /* Storyboards */,
				6CD67F4024006E76000EB157 /* Controllers */,
				6CD67F3F24006E5E000EB157 /* Helpers */,
				6CD67F1D240049F7000EB157 /* Assets.xcassets */,
				6CD67F22240049F7000EB157 /* Info.plist */,
			);
			path = MovieNest;
			sourceTree = "<group>";
		};
		6CD67F2824005918000EB157 /* Models */ = {
			isa = PBXGroup;
			children = (
				6C4B1D412401BC98000572B1 /* PopularMoviesResponse */,
				6CD67F43240075B3000EB157 /* MovieResponse */,
				6CD67F33240062A6000EB157 /* GenreResponse */,
			);
			path = Models;
			sourceTree = "<group>";
		};
		6CD67F2924005921000EB157 /* Storyboards */ = {
			isa = PBXGroup;
			children = (
				6CD67F1A240049F5000EB157 /* Main.storyboard */,
				6CD67F1F240049F7000EB157 /* LaunchScreen.storyboard */,
			);
			path = Storyboards;
			sourceTree = "<group>";
		};
		6CD67F33240062A6000EB157 /* GenreResponse */ = {
			isa = PBXGroup;
			children = (
				6CD67F35240062DE000EB157 /* Genre.swift */,
				6CD67F34240062DE000EB157 /* GenreResponse.swift */,
			);
			path = GenreResponse;
			sourceTree = "<group>";
		};
		6CD67F3F24006E5E000EB157 /* Helpers */ = {
			isa = PBXGroup;
			children = (
				6CD67F3924006314000EB157 /* Constants.swift */,
				6CD67F3B24006440000EB157 /* APIManager.swift */,
				6CD67F3D24006D5F000EB157 /* Extensions.swift */,
			);
			path = Helpers;
			sourceTree = "<group>";
		};
		6CD67F4024006E76000EB157 /* Controllers */ = {
			isa = PBXGroup;
			children = (
				6CDEF2A02401F39400009D0E /* Home */,
				6CDEF2A12401F39B00009D0E /* AllGenre */,
				6CDEF2A22401F3A400009D0E /* AllMovies */,
				6CDEF2A32401F3BF00009D0E /* MovieDetails */,
			);
			path = Controllers;
			sourceTree = "<group>";
		};
		6CD67F43240075B3000EB157 /* MovieResponse */ = {
			isa = PBXGroup;
			children = (
				6CD67F44240075CE000EB157 /* MovieResponse.swift */,
				6CD67F45240075CE000EB157 /* MovieResult.swift */,
			);
			path = MovieResponse;
			sourceTree = "<group>";
		};
		6CDEF2A02401F39400009D0E /* Home */ = {
			isa = PBXGroup;
			children = (
				6C4B1D3D2401A60F000572B1 /* HomeVC.swift */,
				6C4B1D3F2401B9DE000572B1 /* HomeCCell.swift */,
			);
			path = Home;
			sourceTree = "<group>";
		};
		6CDEF2A12401F39B00009D0E /* AllGenre */ = {
			isa = PBXGroup;
			children = (
				6CD67F2F240060FD000EB157 /* AllGenreTVC.swift */,
				6CD67F312400615D000EB157 /* AllGenreTCell.swift */,
			);
			path = AllGenre;
			sourceTree = "<group>";
		};
		6CDEF2A22401F3A400009D0E /* AllMovies */ = {
			isa = PBXGroup;
			children = (
				6CD67F482400760C000EB157 /* AllMoviesTVC.swift */,
				6CD67F4A2400766B000EB157 /* AllMoviesTCell.swift */,
			);
			path = AllMovies;
			sourceTree = "<group>";
		};
		6CDEF2A32401F3BF00009D0E /* MovieDetails */ = {
			isa = PBXGroup;
			children = (
				6CD67F4C2400B97E000EB157 /* MovieDetailsVC.swift */,
			);
			path = MovieDetails;
			sourceTree = "<group>";
		};
		71C6CEA4E096E57D087C7E58 /* Frameworks */ = {
			isa = PBXGroup;
			children = (
				3A0F2B02D7D42B80D280E7F5 /* Pods_MovieNest.framework */,
			);
			name = Frameworks;
			sourceTree = "<group>";
		};
/* End PBXGroup section */

/* Begin PBXNativeTarget section */
		6CD67F12240049F5000EB157 /* MovieNest */ = {
			isa = PBXNativeTarget;
			buildConfigurationList = 6CD67F25240049F7000EB157 /* Build configuration list for PBXNativeTarget "MovieNest" */;
			buildPhases = (
				AE580062093A366D1CF456EB /* [CP] Check Pods Manifest.lock */,
				6CD67F0F240049F5000EB157 /* Sources */,
				6CD67F10240049F5000EB157 /* Frameworks */,
				6CD67F11240049F5000EB157 /* Resources */,
				C7113B6243319B4ED860C9EA /* [CP] Embed Pods Frameworks */,
			);
			buildRules = (
			);
			dependencies = (
			);
			name = MovieNest;
			productName = MovieNest;
			productReference = 6CD67F13240049F5000EB157 /* MovieNest.app */;
			productType = "com.apple.product-type.application";
		};
/* End PBXNativeTarget section */

/* Begin PBXProject section */
		6CD67F0B240049F5000EB157 /* Project object */ = {
			isa = PBXProject;
			attributes = {
				LastSwiftUpdateCheck = 1010;
				LastUpgradeCheck = 1010;
				ORGANIZATIONNAME = "Awais Akram";
				TargetAttributes = {
					6CD67F12240049F5000EB157 = {
						CreatedOnToolsVersion = 10.1;
					};
				};
			};
			buildConfigurationList = 6CD67F0E240049F5000EB157 /* Build configuration list for PBXProject "MovieNest" */;
			compatibilityVersion = "Xcode 9.3";
			developmentRegion = en;
			hasScannedForEncodings = 0;
			knownRegions = (
				en,
				Base,
			);
			mainGroup = 6CD67F0A240049F5000EB157;
			productRefGroup = 6CD67F14240049F5000EB157 /* Products */;
			projectDirPath = "";
			projectRoot = "";
			targets = (
				6CD67F12240049F5000EB157 /* MovieNest */,
			);
		};
/* End PBXProject section */

/* Begin PBXResourcesBuildPhase section */
		6CD67F11240049F5000EB157 /* Resources */ = {
			isa = PBXResourcesBuildPhase;
			buildActionMask = 2147483647;
			files = (
				6CD67F21240049F7000EB157 /* LaunchScreen.storyboard in Resources */,
				6CD67F1E240049F7000EB157 /* Assets.xcassets in Resources */,
				6CD67F1C240049F5000EB157 /* Main.storyboard in Resources */,
			);
			runOnlyForDeploymentPostprocessing = 0;
		};
/* End PBXResourcesBuildPhase section */

/* Begin PBXShellScriptBuildPhase section */
		AE580062093A366D1CF456EB /* [CP] Check Pods Manifest.lock */ = {
			isa = PBXShellScriptBuildPhase;
			buildActionMask = 2147483647;
			files = (
			);
			inputFileListPaths = (
			);
			inputPaths = (
				"${PODS_PODFILE_DIR_PATH}/Podfile.lock",
				"${PODS_ROOT}/Manifest.lock",
			);
			name = "[CP] Check Pods Manifest.lock";
			outputFileListPaths = (
			);
			outputPaths = (
				"$(DERIVED_FILE_DIR)/Pods-MovieNest-checkManifestLockResult.txt",
			);
			runOnlyForDeploymentPostprocessing = 0;
			shellPath = /bin/sh;
			shellScript = "diff \"${PODS_PODFILE_DIR_PATH}/Podfile.lock\" \"${PODS_ROOT}/Manifest.lock\" > /dev/null\nif [ $? != 0 ] ; then\n    # print error to STDERR\n    echo \"error: The sandbox is not in sync with the Podfile.lock. Run 'pod install' or update your CocoaPods installation.\" >&2\n    exit 1\nfi\n# This output is used by Xcode 'outputs' to avoid re-running this script phase.\necho \"SUCCESS\" > \"${SCRIPT_OUTPUT_FILE_0}\"\n";
			showEnvVarsInLog = 0;
		};
		C7113B6243319B4ED860C9EA /* [CP] Embed Pods Frameworks */ = {
			isa = PBXShellScriptBuildPhase;
			buildActionMask = 2147483647;
			files = (
			);
			inputFileListPaths = (
				"${PODS_ROOT}/Target Support Files/Pods-MovieNest/Pods-MovieNest-frameworks-${CONFIGURATION}-input-files.xcfilelist",
			);
			name = "[CP] Embed Pods Frameworks";
			outputFileListPaths = (
				"${PODS_ROOT}/Target Support Files/Pods-MovieNest/Pods-MovieNest-frameworks-${CONFIGURATION}-output-files.xcfilelist",
			);
			runOnlyForDeploymentPostprocessing = 0;
			shellPath = /bin/sh;
			shellScript = "\"${PODS_ROOT}/Target Support Files/Pods-MovieNest/Pods-MovieNest-frameworks.sh\"\n";
			showEnvVarsInLog = 0;
		};
/* End PBXShellScriptBuildPhase section */

/* Begin PBXSourcesBuildPhase section */
		6CD67F0F240049F5000EB157 /* Sources */ = {
			isa = PBXSourcesBuildPhase;
			buildActionMask = 2147483647;
			files = (
				6CD67F3C24006440000EB157 /* APIManager.swift in Sources */,
				6C4B1D452401BCFB000572B1 /* PopularMoviesResult.swift in Sources */,
				6CD67F4B2400766B000EB157 /* AllMoviesTCell.swift in Sources */,
				6CD67F46240075CE000EB157 /* MovieResponse.swift in Sources */,
				6CD67F3E24006D5F000EB157 /* Extensions.swift in Sources */,
				6CD67F322400615D000EB157 /* AllGenreTCell.swift in Sources */,
				6CD67F17240049F5000EB157 /* AppDelegate.swift in Sources */,
				6C4B1D442401BCFB000572B1 /* PopularMoviesResponse.swift in Sources */,
				6C4B1D402401B9DE000572B1 /* HomeCCell.swift in Sources */,
				6C4B1D3E2401A60F000572B1 /* HomeVC.swift in Sources */,
				6CD67F36240062DF000EB157 /* GenreResponse.swift in Sources */,
				6CD67F47240075CE000EB157 /* MovieResult.swift in Sources */,
				6CD67F37240062DF000EB157 /* Genre.swift in Sources */,
				6CD67F3A24006314000EB157 /* Constants.swift in Sources */,
				6CD67F30240060FD000EB157 /* AllGenreTVC.swift in Sources */,
				6CD67F492400760C000EB157 /* AllMoviesTVC.swift in Sources */,
				6CD67F4D2400B97E000EB157 /* MovieDetailsVC.swift in Sources */,
				6CD67F2C24005979000EB157 /* WelcomeVC.swift in Sources */,
			);
			runOnlyForDeploymentPostprocessing = 0;
		};
/* End PBXSourcesBuildPhase section */

/* Begin PBXVariantGroup section */
		6CD67F1A240049F5000EB157 /* Main.storyboard */ = {
			isa = PBXVariantGroup;
			children = (
				6CD67F1B240049F5000EB157 /* Base */,
			);
			name = Main.storyboard;
			sourceTree = "<group>";
		};
		6CD67F1F240049F7000EB157 /* LaunchScreen.storyboard */ = {
			isa = PBXVariantGroup;
			children = (
				6CD67F20240049F7000EB157 /* Base */,
			);
			name = LaunchScreen.storyboard;
			sourceTree = "<group>";
		};
/* End PBXVariantGroup section */

/* Begin XCBuildConfiguration section */
		6CD67F23240049F7000EB157 /* Debug */ = {
			isa = XCBuildConfiguration;
			buildSettings = {
				ALWAYS_SEARCH_USER_PATHS = NO;
				CLANG_ANALYZER_NONNULL = YES;
				CLANG_ANALYZER_NUMBER_OBJECT_CONVERSION = YES_AGGRESSIVE;
				CLANG_CXX_LANGUAGE_STANDARD = "gnu++14";
				CLANG_CXX_LIBRARY = "libc++";
				CLANG_ENABLE_MODULES = YES;
				CLANG_ENABLE_OBJC_ARC = YES;
				CLANG_ENABLE_OBJC_WEAK = YES;
				CLANG_WARN_BLOCK_CAPTURE_AUTORELEASING = YES;
				CLANG_WARN_BOOL_CONVERSION = YES;
				CLANG_WARN_COMMA = YES;
				CLANG_WARN_CONSTANT_CONVERSION = YES;
				CLANG_WARN_DEPRECATED_OBJC_IMPLEMENTATIONS = YES;
				CLANG_WARN_DIRECT_OBJC_ISA_USAGE = YES_ERROR;
				CLANG_WARN_DOCUMENTATION_COMMENTS = YES;
				CLANG_WARN_EMPTY_BODY = YES;
				CLANG_WARN_ENUM_CONVERSION = YES;
				CLANG_WARN_INFINITE_RECURSION = YES;
				CLANG_WARN_INT_CONVERSION = YES;
				CLANG_WARN_NON_LITERAL_NULL_CONVERSION = YES;
				CLANG_WARN_OBJC_IMPLICIT_RETAIN_SELF = YES;
				CLANG_WARN_OBJC_LITERAL_CONVERSION = YES;
				CLANG_WARN_OBJC_ROOT_CLASS = YES_ERROR;
				CLANG_WARN_RANGE_LOOP_ANALYSIS = YES;
				CLANG_WARN_STRICT_PROTOTYPES = YES;
				CLANG_WARN_SUSPICIOUS_MOVE = YES;
				CLANG_WARN_UNGUARDED_AVAILABILITY = YES_AGGRESSIVE;
				CLANG_WARN_UNREACHABLE_CODE = YES;
				CLANG_WARN__DUPLICATE_METHOD_MATCH = YES;
				CODE_SIGN_IDENTITY = "iPhone Developer";
				COPY_PHASE_STRIP = NO;
				DEBUG_INFORMATION_FORMAT = dwarf;
				ENABLE_STRICT_OBJC_MSGSEND = YES;
				ENABLE_TESTABILITY = YES;
				GCC_C_LANGUAGE_STANDARD = gnu11;
				GCC_DYNAMIC_NO_PIC = NO;
				GCC_NO_COMMON_BLOCKS = YES;
				GCC_OPTIMIZATION_LEVEL = 0;
				GCC_PREPROCESSOR_DEFINITIONS = (
					"DEBUG=1",
					"$(inherited)",
				);
				GCC_WARN_64_TO_32_BIT_CONVERSION = YES;
				GCC_WARN_ABOUT_RETURN_TYPE = YES_ERROR;
				GCC_WARN_UNDECLARED_SELECTOR = YES;
				GCC_WARN_UNINITIALIZED_AUTOS = YES_AGGRESSIVE;
				GCC_WARN_UNUSED_FUNCTION = YES;
				GCC_WARN_UNUSED_VARIABLE = YES;
				IPHONEOS_DEPLOYMENT_TARGET = 12.1;
				MTL_ENABLE_DEBUG_INFO = INCLUDE_SOURCE;
				MTL_FAST_MATH = YES;
				ONLY_ACTIVE_ARCH = YES;
				SDKROOT = iphoneos;
				SWIFT_ACTIVE_COMPILATION_CONDITIONS = DEBUG;
				SWIFT_OPTIMIZATION_LEVEL = "-Onone";
			};
			name = Debug;
		};
		6CD67F24240049F7000EB157 /* Release */ = {
			isa = XCBuildConfiguration;
			buildSettings = {
				ALWAYS_SEARCH_USER_PATHS = NO;
				CLANG_ANALYZER_NONNULL = YES;
				CLANG_ANALYZER_NUMBER_OBJECT_CONVERSION = YES_AGGRESSIVE;
				CLANG_CXX_LANGUAGE_STANDARD = "gnu++14";
				CLANG_CXX_LIBRARY = "libc++";
				CLANG_ENABLE_MODULES = YES;
				CLANG_ENABLE_OBJC_ARC = YES;
				CLANG_ENABLE_OBJC_WEAK = YES;
				CLANG_WARN_BLOCK_CAPTURE_AUTORELEASING = YES;
				CLANG_WARN_BOOL_CONVERSION = YES;
				CLANG_WARN_COMMA = YES;
				CLANG_WARN_CONSTANT_CONVERSION = YES;
				CLANG_WARN_DEPRECATED_OBJC_IMPLEMENTATIONS = YES;
				CLANG_WARN_DIRECT_OBJC_ISA_USAGE = YES_ERROR;
				CLANG_WARN_DOCUMENTATION_COMMENTS = YES;
				CLANG_WARN_EMPTY_BODY = YES;
				CLANG_WARN_ENUM_CONVERSION = YES;
				CLANG_WARN_INFINITE_RECURSION = YES;
				CLANG_WARN_INT_CONVERSION = YES;
				CLANG_WARN_NON_LITERAL_NULL_CONVERSION = YES;
				CLANG_WARN_OBJC_IMPLICIT_RETAIN_SELF = YES;
				CLANG_WARN_OBJC_LITERAL_CONVERSION = YES;
				CLANG_WARN_OBJC_ROOT_CLASS = YES_ERROR;
				CLANG_WARN_RANGE_LOOP_ANALYSIS = YES;
				CLANG_WARN_STRICT_PROTOTYPES = YES;
				CLANG_WARN_SUSPICIOUS_MOVE = YES;
				CLANG_WARN_UNGUARDED_AVAILABILITY = YES_AGGRESSIVE;
				CLANG_WARN_UNREACHABLE_CODE = YES;
				CLANG_WARN__DUPLICATE_METHOD_MATCH = YES;
				CODE_SIGN_IDENTITY = "iPhone Developer";
				COPY_PHASE_STRIP = NO;
				DEBUG_INFORMATION_FORMAT = "dwarf-with-dsym";
				ENABLE_NS_ASSERTIONS = NO;
				ENABLE_STRICT_OBJC_MSGSEND = YES;
				GCC_C_LANGUAGE_STANDARD = gnu11;
				GCC_NO_COMMON_BLOCKS = YES;
				GCC_WARN_64_TO_32_BIT_CONVERSION = YES;
				GCC_WARN_ABOUT_RETURN_TYPE = YES_ERROR;
				GCC_WARN_UNDECLARED_SELECTOR = YES;
				GCC_WARN_UNINITIALIZED_AUTOS = YES_AGGRESSIVE;
				GCC_WARN_UNUSED_FUNCTION = YES;
				GCC_WARN_UNUSED_VARIABLE = YES;
				IPHONEOS_DEPLOYMENT_TARGET = 12.1;
				MTL_ENABLE_DEBUG_INFO = NO;
				MTL_FAST_MATH = YES;
				SDKROOT = iphoneos;
				SWIFT_COMPILATION_MODE = wholemodule;
				SWIFT_OPTIMIZATION_LEVEL = "-O";
				VALIDATE_PRODUCT = YES;
			};
			name = Release;
		};
		6CD67F26240049F7000EB157 /* Debug */ = {
			isa = XCBuildConfiguration;
			baseConfigurationReference = D8636198461067EC6F82F6DE /* Pods-MovieNest.debug.xcconfig */;
			buildSettings = {
				ASSETCATALOG_COMPILER_APPICON_NAME = AppIcon;
				CODE_SIGN_STYLE = Automatic;
				DEVELOPMENT_TEAM = KXSZN874WP;
				INFOPLIST_FILE = MovieNest/Info.plist;
				LD_RUNPATH_SEARCH_PATHS = (
					"$(inherited)",
					"@executable_path/Frameworks",
				);
				PRODUCT_BUNDLE_IDENTIFIER = com.awaisakram.MovieNest;
				PRODUCT_NAME = "$(TARGET_NAME)";
				SWIFT_VERSION = 4.2;
				TARGETED_DEVICE_FAMILY = "1,2";
			};
			name = Debug;
		};
		6CD67F27240049F7000EB157 /* Release */ = {
			isa = XCBuildConfiguration;
			baseConfigurationReference = 893F6B8EFEC4AE2A85A55684 /* Pods-MovieNest.release.xcconfig */;
			buildSettings = {
				ASSETCATALOG_COMPILER_APPICON_NAME = AppIcon;
				CODE_SIGN_STYLE = Automatic;
				DEVELOPMENT_TEAM = KXSZN874WP;
				INFOPLIST_FILE = MovieNest/Info.plist;
				LD_RUNPATH_SEARCH_PATHS = (
					"$(inherited)",
					"@executable_path/Frameworks",
				);
				PRODUCT_BUNDLE_IDENTIFIER = com.awaisakram.MovieNest;
				PRODUCT_NAME = "$(TARGET_NAME)";
				SWIFT_VERSION = 4.2;
				TARGETED_DEVICE_FAMILY = "1,2";
			};
			name = Release;
		};
/* End XCBuildConfiguration section */

/* Begin XCConfigurationList section */
		6CD67F0E240049F5000EB157 /* Build configuration list for PBXProject "MovieNest" */ = {
			isa = XCConfigurationList;
			buildConfigurations = (
				6CD67F23240049F7000EB157 /* Debug */,
				6CD67F24240049F7000EB157 /* Release */,
			);
			defaultConfigurationIsVisible = 0;
			defaultConfigurationName = Release;
		};
		6CD67F25240049F7000EB157 /* Build configuration list for PBXNativeTarget "MovieNest" */ = {
			isa = XCConfigurationList;
			buildConfigurations = (
				6CD67F26240049F7000EB157 /* Debug */,
				6CD67F27240049F7000EB157 /* Release */,
			);
			defaultConfigurationIsVisible = 0;
			defaultConfigurationName = Release;
		};
/* End XCConfigurationList section */
	};
	rootObject = 6CD67F0B240049F5000EB157 /* Project object */;
}
